// !$*UTF8*$!
{
	archiveVersion = 1;
	classes = {
	};
	objectVersion = 51;
	objects = {

/* Begin PBXBuildFile section */
		190EA656232E771800080D58 /* ForgotViewController.swift in Sources */ = {isa = PBXBuildFile; fileRef = 190EA655232E771800080D58 /* ForgotViewController.swift */; };
		190EA658232E773600080D58 /* BezierForgotView.swift in Sources */ = {isa = PBXBuildFile; fileRef = 190EA657232E773600080D58 /* BezierForgotView.swift */; };
		191BAAB923293F4C004D47A2 /* OnboardPage.swift in Sources */ = {isa = PBXBuildFile; fileRef = 191BAAB723293F4A004D47A2 /* OnboardPage.swift */; };
		191BAABA23293F4C004D47A2 /* OnboardPage.xib in Resources */ = {isa = PBXBuildFile; fileRef = 191BAAB823293F4C004D47A2 /* OnboardPage.xib */; };
		191BAABE23293FAA004D47A2 /* OnboardOverlay.xib in Resources */ = {isa = PBXBuildFile; fileRef = 191BAABC23293FA8004D47A2 /* OnboardOverlay.xib */; };
		191BAABF23293FAA004D47A2 /* OnboardOverlay.swift in Sources */ = {isa = PBXBuildFile; fileRef = 191BAABD23293FAA004D47A2 /* OnboardOverlay.swift */; };
		191BAAC323294E7B004D47A2 /* sharedLogic.swift in Sources */ = {isa = PBXBuildFile; fileRef = 191BAAC223294E7B004D47A2 /* sharedLogic.swift */; };
		1937CAA0232981C800641AAC /* Montserrat-Bold.otf in Resources */ = {isa = PBXBuildFile; fileRef = 1937CA9E232981C800641AAC /* Montserrat-Bold.otf */; };
		1937CAA1232981C800641AAC /* Poppins-Regular.otf in Resources */ = {isa = PBXBuildFile; fileRef = 1937CA9F232981C800641AAC /* Poppins-Regular.otf */; };
		1937CAA32329829600641AAC /* Poppins-ExtraBold.otf in Resources */ = {isa = PBXBuildFile; fileRef = 1937CAA22329829600641AAC /* Poppins-ExtraBold.otf */; };
		1951B791232BB26200DDCA12 /* LoginViewController.swift in Sources */ = {isa = PBXBuildFile; fileRef = 1951B790232BB26200DDCA12 /* LoginViewController.swift */; };
		196A1978232A60B000892711 /* RoundButton.swift in Sources */ = {isa = PBXBuildFile; fileRef = 196A1977232A60B000892711 /* RoundButton.swift */; };
		196F9788232D3B4500F814EE /* Montserrat-Medium.otf in Resources */ = {isa = PBXBuildFile; fileRef = 196F9787232D3B4500F814EE /* Montserrat-Medium.otf */; };
		196F978B232D3F3A00F814EE /* BezierLoginView.swift in Sources */ = {isa = PBXBuildFile; fileRef = 196F978A232D3F3A00F814EE /* BezierLoginView.swift */; };
		1985B177232D354C00A10C9D /* RoundTextField.swift in Sources */ = {isa = PBXBuildFile; fileRef = 1985B176232D354C00A10C9D /* RoundTextField.swift */; };
		19B13D3623141A1F00FAC645 /* AppDelegate.swift in Sources */ = {isa = PBXBuildFile; fileRef = 19B13D3523141A1F00FAC645 /* AppDelegate.swift */; };
		19B13D3823141A1F00FAC645 /* ViewController.swift in Sources */ = {isa = PBXBuildFile; fileRef = 19B13D3723141A1F00FAC645 /* ViewController.swift */; };
		19B13D3B23141A1F00FAC645 /* Main.storyboard in Resources */ = {isa = PBXBuildFile; fileRef = 19B13D3923141A1F00FAC645 /* Main.storyboard */; };
		19B13D3D23141A2400FAC645 /* Assets.xcassets in Resources */ = {isa = PBXBuildFile; fileRef = 19B13D3C23141A2400FAC645 /* Assets.xcassets */; };
		19B13D4023141A2400FAC645 /* LaunchScreen.storyboard in Resources */ = {isa = PBXBuildFile; fileRef = 19B13D3E23141A2400FAC645 /* LaunchScreen.storyboard */; };
		19B13D4823141BAD00FAC645 /* GoogleService-Info.plist in Resources */ = {isa = PBXBuildFile; fileRef = 19B13D4723141BAD00FAC645 /* GoogleService-Info.plist */; };
		19D31C43232E3CAC008756C2 /* SwiftyOnboardPage.swift in Sources */ = {isa = PBXBuildFile; fileRef = 19D31C3F232E3CAC008756C2 /* SwiftyOnboardPage.swift */; };
		19D31C44232E3CAC008756C2 /* SwiftyOnboard.swift in Sources */ = {isa = PBXBuildFile; fileRef = 19D31C40232E3CAC008756C2 /* SwiftyOnboard.swift */; };
		19D31C45232E3CAC008756C2 /* SwiftyOnboardOverlay.swift in Sources */ = {isa = PBXBuildFile; fileRef = 19D31C41232E3CAC008756C2 /* SwiftyOnboardOverlay.swift */; };
		19D6CD95231665FA000B6DB4 /* WelcomeVC.swift in Sources */ = {isa = PBXBuildFile; fileRef = 19D6CD94231665FA000B6DB4 /* WelcomeVC.swift */; };
		C061B201B1768A2D2F1BD66F /* Pods_awarewego.framework in Frameworks */ = {isa = PBXBuildFile; fileRef = FA2CF29537F1B376E50CDD7C /* Pods_awarewego.framework */; };
/* End PBXBuildFile section */

/* Begin PBXFileReference section */
		179954873C54DCF19FE730E8 /* Pods-awarewego.debug.xcconfig */ = {isa = PBXFileReference; includeInIndex = 1; lastKnownFileType = text.xcconfig; name = "Pods-awarewego.debug.xcconfig"; path = "Target Support Files/Pods-awarewego/Pods-awarewego.debug.xcconfig"; sourceTree = "<group>"; };
		190EA655232E771800080D58 /* ForgotViewController.swift */ = {isa = PBXFileReference; lastKnownFileType = sourcecode.swift; path = ForgotViewController.swift; sourceTree = "<group>"; };
		190EA657232E773600080D58 /* BezierForgotView.swift */ = {isa = PBXFileReference; lastKnownFileType = sourcecode.swift; path = BezierForgotView.swift; sourceTree = "<group>"; };
		191BAAB723293F4A004D47A2 /* OnboardPage.swift */ = {isa = PBXFileReference; fileEncoding = 4; lastKnownFileType = sourcecode.swift; path = OnboardPage.swift; sourceTree = "<group>"; };
		191BAAB823293F4C004D47A2 /* OnboardPage.xib */ = {isa = PBXFileReference; fileEncoding = 4; lastKnownFileType = file.xib; path = OnboardPage.xib; sourceTree = "<group>"; };
		191BAABC23293FA8004D47A2 /* OnboardOverlay.xib */ = {isa = PBXFileReference; fileEncoding = 4; lastKnownFileType = file.xib; path = OnboardOverlay.xib; sourceTree = "<group>"; };
		191BAABD23293FAA004D47A2 /* OnboardOverlay.swift */ = {isa = PBXFileReference; fileEncoding = 4; lastKnownFileType = sourcecode.swift; path = OnboardOverlay.swift; sourceTree = "<group>"; };
		191BAAC223294E7B004D47A2 /* sharedLogic.swift */ = {isa = PBXFileReference; lastKnownFileType = sourcecode.swift; path = sharedLogic.swift; sourceTree = "<group>"; };
		1937CA9E232981C800641AAC /* Montserrat-Bold.otf */ = {isa = PBXFileReference; lastKnownFileType = file; path = "Montserrat-Bold.otf"; sourceTree = "<group>"; };
		1937CA9F232981C800641AAC /* Poppins-Regular.otf */ = {isa = PBXFileReference; lastKnownFileType = file; path = "Poppins-Regular.otf"; sourceTree = "<group>"; };
		1937CAA22329829600641AAC /* Poppins-ExtraBold.otf */ = {isa = PBXFileReference; lastKnownFileType = file; path = "Poppins-ExtraBold.otf"; sourceTree = "<group>"; };
		1951B790232BB26200DDCA12 /* LoginViewController.swift */ = {isa = PBXFileReference; lastKnownFileType = sourcecode.swift; path = LoginViewController.swift; sourceTree = "<group>"; };
		196A1977232A60B000892711 /* RoundButton.swift */ = {isa = PBXFileReference; lastKnownFileType = sourcecode.swift; path = RoundButton.swift; sourceTree = "<group>"; };
		196F9787232D3B4500F814EE /* Montserrat-Medium.otf */ = {isa = PBXFileReference; lastKnownFileType = file; path = "Montserrat-Medium.otf"; sourceTree = "<group>"; };
		196F978A232D3F3A00F814EE /* BezierLoginView.swift */ = {isa = PBXFileReference; lastKnownFileType = sourcecode.swift; path = BezierLoginView.swift; sourceTree = "<group>"; };
		1985B175232D2C7A00A10C9D /* Poppins-SemiBold.otf */ = {isa = PBXFileReference; lastKnownFileType = file; path = "Poppins-SemiBold.otf"; sourceTree = "<group>"; };
		1985B176232D354C00A10C9D /* RoundTextField.swift */ = {isa = PBXFileReference; lastKnownFileType = sourcecode.swift; path = RoundTextField.swift; sourceTree = "<group>"; };
		19B13D3223141A1F00FAC645 /* awarewego.app */ = {isa = PBXFileReference; explicitFileType = wrapper.application; includeInIndex = 0; path = awarewego.app; sourceTree = BUILT_PRODUCTS_DIR; };
		19B13D3523141A1F00FAC645 /* AppDelegate.swift */ = {isa = PBXFileReference; lastKnownFileType = sourcecode.swift; path = AppDelegate.swift; sourceTree = "<group>"; };
		19B13D3723141A1F00FAC645 /* ViewController.swift */ = {isa = PBXFileReference; lastKnownFileType = sourcecode.swift; path = ViewController.swift; sourceTree = "<group>"; };
		19B13D3A23141A1F00FAC645 /* Base */ = {isa = PBXFileReference; lastKnownFileType = file.storyboard; name = Base; path = Base.lproj/Main.storyboard; sourceTree = "<group>"; };
		19B13D3C23141A2400FAC645 /* Assets.xcassets */ = {isa = PBXFileReference; lastKnownFileType = folder.assetcatalog; path = Assets.xcassets; sourceTree = "<group>"; };
		19B13D3F23141A2400FAC645 /* Base */ = {isa = PBXFileReference; lastKnownFileType = file.storyboard; name = Base; path = Base.lproj/LaunchScreen.storyboard; sourceTree = "<group>"; };
		19B13D4123141A2400FAC645 /* Info.plist */ = {isa = PBXFileReference; lastKnownFileType = text.plist.xml; path = Info.plist; sourceTree = "<group>"; };
		19B13D4723141BAD00FAC645 /* GoogleService-Info.plist */ = {isa = PBXFileReference; fileEncoding = 4; lastKnownFileType = text.plist.xml; path = "GoogleService-Info.plist"; sourceTree = "<group>"; };
		19D31C3E232E3CAC008756C2 /* SwiftyOnboard.h */ = {isa = PBXFileReference; fileEncoding = 4; lastKnownFileType = sourcecode.c.h; path = SwiftyOnboard.h; sourceTree = "<group>"; };
		19D31C3F232E3CAC008756C2 /* SwiftyOnboardPage.swift */ = {isa = PBXFileReference; fileEncoding = 4; lastKnownFileType = sourcecode.swift; path = SwiftyOnboardPage.swift; sourceTree = "<group>"; };
		19D31C40232E3CAC008756C2 /* SwiftyOnboard.swift */ = {isa = PBXFileReference; fileEncoding = 4; lastKnownFileType = sourcecode.swift; path = SwiftyOnboard.swift; sourceTree = "<group>"; };
		19D31C41232E3CAC008756C2 /* SwiftyOnboardOverlay.swift */ = {isa = PBXFileReference; fileEncoding = 4; lastKnownFileType = sourcecode.swift; path = SwiftyOnboardOverlay.swift; sourceTree = "<group>"; };
		19D31C42232E3CAC008756C2 /* Info.plist */ = {isa = PBXFileReference; fileEncoding = 4; lastKnownFileType = text.plist.xml; path = Info.plist; sourceTree = "<group>"; };
		19D6CD94231665FA000B6DB4 /* WelcomeVC.swift */ = {isa = PBXFileReference; lastKnownFileType = sourcecode.swift; path = WelcomeVC.swift; sourceTree = "<group>"; };
		24EB94E6B79A05E96F4FE3C5 /* Pods-awarewego.release.xcconfig */ = {isa = PBXFileReference; includeInIndex = 1; lastKnownFileType = text.xcconfig; name = "Pods-awarewego.release.xcconfig"; path = "Target Support Files/Pods-awarewego/Pods-awarewego.release.xcconfig"; sourceTree = "<group>"; };
		FA2CF29537F1B376E50CDD7C /* Pods_awarewego.framework */ = {isa = PBXFileReference; explicitFileType = wrapper.framework; includeInIndex = 0; path = Pods_awarewego.framework; sourceTree = BUILT_PRODUCTS_DIR; };
/* End PBXFileReference section */

/* Begin PBXFrameworksBuildPhase section */
		19B13D2F23141A1E00FAC645 /* Frameworks */ = {
			isa = PBXFrameworksBuildPhase;
			buildActionMask = 2147483647;
			files = (
				C061B201B1768A2D2F1BD66F /* Pods_awarewego.framework in Frameworks */,
			);
			runOnlyForDeploymentPostprocessing = 0;
		};
/* End PBXFrameworksBuildPhase section */

/* Begin PBXGroup section */
		190EA654232E76ED00080D58 /* Forgot */ = {
			isa = PBXGroup;
			children = (
				190EA655232E771800080D58 /* ForgotViewController.swift */,
				190EA657232E773600080D58 /* BezierForgotView.swift */,
			);
			path = Forgot;
			sourceTree = "<group>";
		};
		191BAAB623293DD3004D47A2 /* Onboarding */ = {
			isa = PBXGroup;
			children = (
				19D6CD94231665FA000B6DB4 /* WelcomeVC.swift */,
				191BAAC023293FAD004D47A2 /* OnboardOverlay */,
				191BAABB23293F56004D47A2 /* OnboardPage */,
				196F9789232D3F1F00F814EE /* Login */,
				190EA654232E76ED00080D58 /* Forgot */,
			);
			path = Onboarding;
			sourceTree = "<group>";
		};
		191BAABB23293F56004D47A2 /* OnboardPage */ = {
			isa = PBXGroup;
			children = (
				191BAAB723293F4A004D47A2 /* OnboardPage.swift */,
				191BAAB823293F4C004D47A2 /* OnboardPage.xib */,
			);
			path = OnboardPage;
			sourceTree = "<group>";
		};
		191BAAC023293FAD004D47A2 /* OnboardOverlay */ = {
			isa = PBXGroup;
			children = (
				191BAABD23293FAA004D47A2 /* OnboardOverlay.swift */,
				191BAABC23293FA8004D47A2 /* OnboardOverlay.xib */,
			);
			path = OnboardOverlay;
			sourceTree = "<group>";
		};
		191BAAC123294E65004D47A2 /* globalExtensions */ = {
			isa = PBXGroup;
			children = (
				191BAAC223294E7B004D47A2 /* sharedLogic.swift */,
			);
			path = globalExtensions;
			sourceTree = "<group>";
		};
		193665732316DC8900687530 /* ReusableUIelements */ = {
			isa = PBXGroup;
			children = (
				196A1977232A60B000892711 /* RoundButton.swift */,
				1985B176232D354C00A10C9D /* RoundTextField.swift */,
			);
			path = ReusableUIelements;
			sourceTree = "<group>";
		};
		1937CA9C2329815700641AAC /* Resources */ = {
			isa = PBXGroup;
			children = (
				1937CA9D2329817D00641AAC /* Fonts */,
				19B13D3C23141A2400FAC645 /* Assets.xcassets */,
				19B13D4123141A2400FAC645 /* Info.plist */,
				19B13D4723141BAD00FAC645 /* GoogleService-Info.plist */,
			);
			path = Resources;
			sourceTree = "<group>";
		};
		1937CA9D2329817D00641AAC /* Fonts */ = {
			isa = PBXGroup;
			children = (
				196F9787232D3B4500F814EE /* Montserrat-Medium.otf */,
				1985B175232D2C7A00A10C9D /* Poppins-SemiBold.otf */,
				1937CAA22329829600641AAC /* Poppins-ExtraBold.otf */,
				1937CA9F232981C800641AAC /* Poppins-Regular.otf */,
				1937CA9E232981C800641AAC /* Montserrat-Bold.otf */,
			);
			path = Fonts;
			sourceTree = "<group>";
		};
		196F9789232D3F1F00F814EE /* Login */ = {
			isa = PBXGroup;
			children = (
				1951B790232BB26200DDCA12 /* LoginViewController.swift */,
				196F978A232D3F3A00F814EE /* BezierLoginView.swift */,
			);
			path = Login;
			sourceTree = "<group>";
		};
		19B13D2923141A1E00FAC645 = {
			isa = PBXGroup;
			children = (
				19B13D3423141A1F00FAC645 /* awarewego */,
				19B13D3323141A1F00FAC645 /* Products */,
				B5E67C3396A7E6BA3C762906 /* Pods */,
				19D31C47232E41D3008756C2 /* 3rd party */,
				483D1677673F1B31435D0886 /* Frameworks */,
			);
			sourceTree = "<group>";
		};
		19B13D3323141A1F00FAC645 /* Products */ = {
			isa = PBXGroup;
			children = (
				19B13D3223141A1F00FAC645 /* awarewego.app */,
			);
			name = Products;
			sourceTree = "<group>";
		};
		19B13D3423141A1F00FAC645 /* awarewego */ = {
			isa = PBXGroup;
			children = (
				191BAAC123294E65004D47A2 /* globalExtensions */,
				193665732316DC8900687530 /* ReusableUIelements */,
				191BAAB623293DD3004D47A2 /* Onboarding */,
				19B13D3523141A1F00FAC645 /* AppDelegate.swift */,
				19B13D3723141A1F00FAC645 /* ViewController.swift */,
				19B13D3923141A1F00FAC645 /* Main.storyboard */,
				1937CA9C2329815700641AAC /* Resources */,
				19B13D3E23141A2400FAC645 /* LaunchScreen.storyboard */,
			);
			path = awarewego;
			sourceTree = "<group>";
		};
		19D31C3D232E3CAC008756C2 /* SwiftyOnboard */ = {
			isa = PBXGroup;
			children = (
				19D31C3E232E3CAC008756C2 /* SwiftyOnboard.h */,
				19D31C3F232E3CAC008756C2 /* SwiftyOnboardPage.swift */,
				19D31C40232E3CAC008756C2 /* SwiftyOnboard.swift */,
				19D31C41232E3CAC008756C2 /* SwiftyOnboardOverlay.swift */,
				19D31C42232E3CAC008756C2 /* Info.plist */,
			);
			path = SwiftyOnboard;
			sourceTree = "<group>";
		};
		19D31C47232E41D3008756C2 /* 3rd party */ = {
			isa = PBXGroup;
			children = (
				19D31C3D232E3CAC008756C2 /* SwiftyOnboard */,
			);
			name = "3rd party";
			sourceTree = "<group>";
		};
		483D1677673F1B31435D0886 /* Frameworks */ = {
			isa = PBXGroup;
			children = (
				FA2CF29537F1B376E50CDD7C /* Pods_awarewego.framework */,
			);
			name = Frameworks;
			sourceTree = "<group>";
		};
		B5E67C3396A7E6BA3C762906 /* Pods */ = {
			isa = PBXGroup;
			children = (
				179954873C54DCF19FE730E8 /* Pods-awarewego.debug.xcconfig */,
				24EB94E6B79A05E96F4FE3C5 /* Pods-awarewego.release.xcconfig */,
			);
			path = Pods;
			sourceTree = "<group>";
		};
/* End PBXGroup section */

/* Begin PBXNativeTarget section */
		19B13D3123141A1E00FAC645 /* awarewego */ = {
			isa = PBXNativeTarget;
			buildConfigurationList = 19B13D4423141A2400FAC645 /* Build configuration list for PBXNativeTarget "awarewego" */;
			buildPhases = (
				65DE4796777AA56C23DA2BA2 /* [CP] Check Pods Manifest.lock */,
				19B13D2E23141A1E00FAC645 /* Sources */,
				19B13D2F23141A1E00FAC645 /* Frameworks */,
				19B13D3023141A1E00FAC645 /* Resources */,
				1BB81317BEC6D87A7CBCB903 /* [CP] Embed Pods Frameworks */,
			);
			buildRules = (
			);
			dependencies = (
			);
			name = awarewego;
			productName = awarewego;
			productReference = 19B13D3223141A1F00FAC645 /* awarewego.app */;
			productType = "com.apple.product-type.application";
		};
/* End PBXNativeTarget section */

/* Begin PBXProject section */
		19B13D2A23141A1E00FAC645 /* Project object */ = {
			isa = PBXProject;
			attributes = {
				LastSwiftUpdateCheck = 1030;
				LastUpgradeCheck = 1030;
				ORGANIZATIONNAME = awarewego;
				TargetAttributes = {
					19B13D3123141A1E00FAC645 = {
						CreatedOnToolsVersion = 10.3;
						SystemCapabilities = {
							com.apple.BackgroundModes = {
								enabled = 0;
							};
						};
					};
				};
			};
			buildConfigurationList = 19B13D2D23141A1E00FAC645 /* Build configuration list for PBXProject "awarewego" */;
			compatibilityVersion = "Xcode 9.3";
			developmentRegion = en;
			hasScannedForEncodings = 0;
			knownRegions = (
				en,
				Base,
			);
			mainGroup = 19B13D2923141A1E00FAC645;
			productRefGroup = 19B13D3323141A1F00FAC645 /* Products */;
			projectDirPath = "";
			projectRoot = "";
			targets = (
				19B13D3123141A1E00FAC645 /* awarewego */,
			);
		};
/* End PBXProject section */

/* Begin PBXResourcesBuildPhase section */
		19B13D3023141A1E00FAC645 /* Resources */ = {
			isa = PBXResourcesBuildPhase;
			buildActionMask = 2147483647;
			files = (
				19B13D4023141A2400FAC645 /* LaunchScreen.storyboard in Resources */,
				196F9788232D3B4500F814EE /* Montserrat-Medium.otf in Resources */,
				1937CAA32329829600641AAC /* Poppins-ExtraBold.otf in Resources */,
				191BAABE23293FAA004D47A2 /* OnboardOverlay.xib in Resources */,
				1937CAA1232981C800641AAC /* Poppins-Regular.otf in Resources */,
				1937CAA0232981C800641AAC /* Montserrat-Bold.otf in Resources */,
				19B13D4823141BAD00FAC645 /* GoogleService-Info.plist in Resources */,
				191BAABA23293F4C004D47A2 /* OnboardPage.xib in Resources */,
				19B13D3D23141A2400FAC645 /* Assets.xcassets in Resources */,
				19B13D3B23141A1F00FAC645 /* Main.storyboard in Resources */,
			);
			runOnlyForDeploymentPostprocessing = 0;
		};
/* End PBXResourcesBuildPhase section */

/* Begin PBXShellScriptBuildPhase section */
		1BB81317BEC6D87A7CBCB903 /* [CP] Embed Pods Frameworks */ = {
			isa = PBXShellScriptBuildPhase;
			buildActionMask = 2147483647;
			files = (
			);
			inputFileListPaths = (
				"${PODS_ROOT}/Target Support Files/Pods-awarewego/Pods-awarewego-frameworks-${CONFIGURATION}-input-files.xcfilelist",
			);
			name = "[CP] Embed Pods Frameworks";
			outputFileListPaths = (
				"${PODS_ROOT}/Target Support Files/Pods-awarewego/Pods-awarewego-frameworks-${CONFIGURATION}-output-files.xcfilelist",
			);
			runOnlyForDeploymentPostprocessing = 0;
			shellPath = /bin/sh;
			shellScript = "\"${PODS_ROOT}/Target Support Files/Pods-awarewego/Pods-awarewego-frameworks.sh\"\n";
			showEnvVarsInLog = 0;
		};
		65DE4796777AA56C23DA2BA2 /* [CP] Check Pods Manifest.lock */ = {
			isa = PBXShellScriptBuildPhase;
			buildActionMask = 2147483647;
			files = (
			);
			inputFileListPaths = (
			);
			inputPaths = (
				"${PODS_PODFILE_DIR_PATH}/Podfile.lock",
				"${PODS_ROOT}/Manifest.lock",
			);
			name = "[CP] Check Pods Manifest.lock";
			outputFileListPaths = (
			);
			outputPaths = (
				"$(DERIVED_FILE_DIR)/Pods-awarewego-checkManifestLockResult.txt",
			);
			runOnlyForDeploymentPostprocessing = 0;
			shellPath = /bin/sh;
			shellScript = "diff \"${PODS_PODFILE_DIR_PATH}/Podfile.lock\" \"${PODS_ROOT}/Manifest.lock\" > /dev/null\nif [ $? != 0 ] ; then\n    # print error to STDERR\n    echo \"error: The sandbox is not in sync with the Podfile.lock. Run 'pod install' or update your CocoaPods installation.\" >&2\n    exit 1\nfi\n# This output is used by Xcode 'outputs' to avoid re-running this script phase.\necho \"SUCCESS\" > \"${SCRIPT_OUTPUT_FILE_0}\"\n";
			showEnvVarsInLog = 0;
		};
/* End PBXShellScriptBuildPhase section */

/* Begin PBXSourcesBuildPhase section */
		19B13D2E23141A1E00FAC645 /* Sources */ = {
			isa = PBXSourcesBuildPhase;
			buildActionMask = 2147483647;
			files = (
				19D31C45232E3CAC008756C2 /* SwiftyOnboardOverlay.swift in Sources */,
				191BAAB923293F4C004D47A2 /* OnboardPage.swift in Sources */,
				19D31C43232E3CAC008756C2 /* SwiftyOnboardPage.swift in Sources */,
				190EA656232E771800080D58 /* ForgotViewController.swift in Sources */,
				19D6CD95231665FA000B6DB4 /* WelcomeVC.swift in Sources */,
				196A1978232A60B000892711 /* RoundButton.swift in Sources */,
				19B13D3823141A1F00FAC645 /* ViewController.swift in Sources */,
				190EA658232E773600080D58 /* BezierForgotView.swift in Sources */,
				1951B791232BB26200DDCA12 /* LoginViewController.swift in Sources */,
				19B13D3623141A1F00FAC645 /* AppDelegate.swift in Sources */,
				191BAAC323294E7B004D47A2 /* sharedLogic.swift in Sources */,
				1985B177232D354C00A10C9D /* RoundTextField.swift in Sources */,
				19D31C44232E3CAC008756C2 /* SwiftyOnboard.swift in Sources */,
				191BAABF23293FAA004D47A2 /* OnboardOverlay.swift in Sources */,
				196F978B232D3F3A00F814EE /* BezierLoginView.swift in Sources */,
			);
			runOnlyForDeploymentPostprocessing = 0;
		};
/* End PBXSourcesBuildPhase section */

/* Begin PBXVariantGroup section */
		19B13D3923141A1F00FAC645 /* Main.storyboard */ = {
			isa = PBXVariantGroup;
			children = (
				19B13D3A23141A1F00FAC645 /* Base */,
			);
			name = Main.storyboard;
			sourceTree = "<group>";
		};
		19B13D3E23141A2400FAC645 /* LaunchScreen.storyboard */ = {
			isa = PBXVariantGroup;
			children = (
				19B13D3F23141A2400FAC645 /* Base */,
			);
			name = LaunchScreen.storyboard;
			sourceTree = "<group>";
		};
/* End PBXVariantGroup section */

/* Begin XCBuildConfiguration section */
		19B13D4223141A2400FAC645 /* Debug */ = {
			isa = XCBuildConfiguration;
			buildSettings = {
				ALWAYS_SEARCH_USER_PATHS = NO;
				CLANG_ANALYZER_NONNULL = YES;
				CLANG_ANALYZER_NUMBER_OBJECT_CONVERSION = YES_AGGRESSIVE;
				CLANG_CXX_LANGUAGE_STANDARD = "gnu++14";
				CLANG_CXX_LIBRARY = "libc++";
				CLANG_ENABLE_MODULES = YES;
				CLANG_ENABLE_OBJC_ARC = YES;
				CLANG_ENABLE_OBJC_WEAK = YES;
				CLANG_WARN_BLOCK_CAPTURE_AUTORELEASING = YES;
				CLANG_WARN_BOOL_CONVERSION = YES;
				CLANG_WARN_COMMA = YES;
				CLANG_WARN_CONSTANT_CONVERSION = YES;
				CLANG_WARN_DEPRECATED_OBJC_IMPLEMENTATIONS = YES;
				CLANG_WARN_DIRECT_OBJC_ISA_USAGE = YES_ERROR;
				CLANG_WARN_DOCUMENTATION_COMMENTS = YES;
				CLANG_WARN_EMPTY_BODY = YES;
				CLANG_WARN_ENUM_CONVERSION = YES;
				CLANG_WARN_INFINITE_RECURSION = YES;
				CLANG_WARN_INT_CONVERSION = YES;
				CLANG_WARN_NON_LITERAL_NULL_CONVERSION = YES;
				CLANG_WARN_OBJC_IMPLICIT_RETAIN_SELF = YES;
				CLANG_WARN_OBJC_LITERAL_CONVERSION = YES;
				CLANG_WARN_OBJC_ROOT_CLASS = YES_ERROR;
				CLANG_WARN_RANGE_LOOP_ANALYSIS = YES;
				CLANG_WARN_STRICT_PROTOTYPES = YES;
				CLANG_WARN_SUSPICIOUS_MOVE = YES;
				CLANG_WARN_UNGUARDED_AVAILABILITY = YES_AGGRESSIVE;
				CLANG_WARN_UNREACHABLE_CODE = YES;
				CLANG_WARN__DUPLICATE_METHOD_MATCH = YES;
				CODE_SIGN_IDENTITY = "iPhone Developer";
				COPY_PHASE_STRIP = NO;
				DEBUG_INFORMATION_FORMAT = dwarf;
				ENABLE_STRICT_OBJC_MSGSEND = YES;
				ENABLE_TESTABILITY = YES;
				GCC_C_LANGUAGE_STANDARD = gnu11;
				GCC_DYNAMIC_NO_PIC = NO;
				GCC_NO_COMMON_BLOCKS = YES;
				GCC_OPTIMIZATION_LEVEL = 0;
				GCC_PREPROCESSOR_DEFINITIONS = (
					"DEBUG=1",
					"$(inherited)",
				);
				GCC_WARN_64_TO_32_BIT_CONVERSION = YES;
				GCC_WARN_ABOUT_RETURN_TYPE = YES_ERROR;
				GCC_WARN_UNDECLARED_SELECTOR = YES;
				GCC_WARN_UNINITIALIZED_AUTOS = YES_AGGRESSIVE;
				GCC_WARN_UNUSED_FUNCTION = YES;
				GCC_WARN_UNUSED_VARIABLE = YES;
				IPHONEOS_DEPLOYMENT_TARGET = 12.4;
				MTL_ENABLE_DEBUG_INFO = INCLUDE_SOURCE;
				MTL_FAST_MATH = YES;
				ONLY_ACTIVE_ARCH = YES;
				SDKROOT = iphoneos;
				SWIFT_ACTIVE_COMPILATION_CONDITIONS = DEBUG;
				SWIFT_OPTIMIZATION_LEVEL = "-Onone";
			};
			name = Debug;
		};
		19B13D4323141A2400FAC645 /* Release */ = {
			isa = XCBuildConfiguration;
			buildSettings = {
				ALWAYS_SEARCH_USER_PATHS = NO;
				CLANG_ANALYZER_NONNULL = YES;
				CLANG_ANALYZER_NUMBER_OBJECT_CONVERSION = YES_AGGRESSIVE;
				CLANG_CXX_LANGUAGE_STANDARD = "gnu++14";
				CLANG_CXX_LIBRARY = "libc++";
				CLANG_ENABLE_MODULES = YES;
				CLANG_ENABLE_OBJC_ARC = YES;
				CLANG_ENABLE_OBJC_WEAK = YES;
				CLANG_WARN_BLOCK_CAPTURE_AUTORELEASING = YES;
				CLANG_WARN_BOOL_CONVERSION = YES;
				CLANG_WARN_COMMA = YES;
				CLANG_WARN_CONSTANT_CONVERSION = YES;
				CLANG_WARN_DEPRECATED_OBJC_IMPLEMENTATIONS = YES;
				CLANG_WARN_DIRECT_OBJC_ISA_USAGE = YES_ERROR;
				CLANG_WARN_DOCUMENTATION_COMMENTS = YES;
				CLANG_WARN_EMPTY_BODY = YES;
				CLANG_WARN_ENUM_CONVERSION = YES;
				CLANG_WARN_INFINITE_RECURSION = YES;
				CLANG_WARN_INT_CONVERSION = YES;
				CLANG_WARN_NON_LITERAL_NULL_CONVERSION = YES;
				CLANG_WARN_OBJC_IMPLICIT_RETAIN_SELF = YES;
				CLANG_WARN_OBJC_LITERAL_CONVERSION = YES;
				CLANG_WARN_OBJC_ROOT_CLASS = YES_ERROR;
				CLANG_WARN_RANGE_LOOP_ANALYSIS = YES;
				CLANG_WARN_STRICT_PROTOTYPES = YES;
				CLANG_WARN_SUSPICIOUS_MOVE = YES;
				CLANG_WARN_UNGUARDED_AVAILABILITY = YES_AGGRESSIVE;
				CLANG_WARN_UNREACHABLE_CODE = YES;
				CLANG_WARN__DUPLICATE_METHOD_MATCH = YES;
				CODE_SIGN_IDENTITY = "iPhone Developer";
				COPY_PHASE_STRIP = NO;
				DEBUG_INFORMATION_FORMAT = "dwarf-with-dsym";
				ENABLE_NS_ASSERTIONS = NO;
				ENABLE_STRICT_OBJC_MSGSEND = YES;
				GCC_C_LANGUAGE_STANDARD = gnu11;
				GCC_NO_COMMON_BLOCKS = YES;
				GCC_WARN_64_TO_32_BIT_CONVERSION = YES;
				GCC_WARN_ABOUT_RETURN_TYPE = YES_ERROR;
				GCC_WARN_UNDECLARED_SELECTOR = YES;
				GCC_WARN_UNINITIALIZED_AUTOS = YES_AGGRESSIVE;
				GCC_WARN_UNUSED_FUNCTION = YES;
				GCC_WARN_UNUSED_VARIABLE = YES;
				IPHONEOS_DEPLOYMENT_TARGET = 12.4;
				MTL_ENABLE_DEBUG_INFO = NO;
				MTL_FAST_MATH = YES;
				SDKROOT = iphoneos;
				SWIFT_COMPILATION_MODE = wholemodule;
				SWIFT_OPTIMIZATION_LEVEL = "-O";
				VALIDATE_PRODUCT = YES;
			};
			name = Release;
		};
		19B13D4523141A2400FAC645 /* Debug */ = {
			isa = XCBuildConfiguration;
			baseConfigurationReference = 179954873C54DCF19FE730E8 /* Pods-awarewego.debug.xcconfig */;
			buildSettings = {
				ASSETCATALOG_COMPILER_APPICON_NAME = AppIcon;
				CODE_SIGN_STYLE = Automatic;
				DEVELOPMENT_TEAM = 996595AM5Y;
				INFOPLIST_FILE = "$(SRCROOT)/awarewego/Resources/Info.plist";
				LD_RUNPATH_SEARCH_PATHS = (
					"$(inherited)",
					"@executable_path/Frameworks",
				);
				PRODUCT_BUNDLE_IDENTIFIER = com.awarewegoapp.awarewego;
				PRODUCT_NAME = "$(TARGET_NAME)";
				SWIFT_VERSION = 5.0;
				TARGETED_DEVICE_FAMILY = "1,2";
			};
			name = Debug;
		};
		19B13D4623141A2400FAC645 /* Release */ = {
			isa = XCBuildConfiguration;
			baseConfigurationReference = 24EB94E6B79A05E96F4FE3C5 /* Pods-awarewego.release.xcconfig */;
			buildSettings = {
				ASSETCATALOG_COMPILER_APPICON_NAME = AppIcon;
				CODE_SIGN_STYLE = Automatic;
				DEVELOPMENT_TEAM = 996595AM5Y;
				INFOPLIST_FILE = "$(SRCROOT)/awarewego/Resources/Info.plist";
				LD_RUNPATH_SEARCH_PATHS = (
					"$(inherited)",
					"@executable_path/Frameworks",
				);
				PRODUCT_BUNDLE_IDENTIFIER = com.awarewegoapp.awarewego;
				PRODUCT_NAME = "$(TARGET_NAME)";
				SWIFT_VERSION = 5.0;
				TARGETED_DEVICE_FAMILY = "1,2";
			};
			name = Release;
		};
/* End XCBuildConfiguration section */

/* Begin XCConfigurationList section */
		19B13D2D23141A1E00FAC645 /* Build configuration list for PBXProject "awarewego" */ = {
			isa = XCConfigurationList;
			buildConfigurations = (
				19B13D4223141A2400FAC645 /* Debug */,
				19B13D4323141A2400FAC645 /* Release */,
			);
			defaultConfigurationIsVisible = 0;
			defaultConfigurationName = Release;
		};
		19B13D4423141A2400FAC645 /* Build configuration list for PBXNativeTarget "awarewego" */ = {
			isa = XCConfigurationList;
			buildConfigurations = (
				19B13D4523141A2400FAC645 /* Debug */,
				19B13D4623141A2400FAC645 /* Release */,
			);
			defaultConfigurationIsVisible = 0;
			defaultConfigurationName = Release;
		};
/* End XCConfigurationList section */
	};
	rootObject = 19B13D2A23141A1E00FAC645 /* Project object */;
}
